Microsoft Visual Studio Solution File, Format Version 12.00
# Visual Studio Version 17
VisualStudioVersion = 17.0.31903.59
MinimumVisualStudioVersion = 10.0.40219.1
Project("{FAE04EC0-301F-11D3-BF4B-00C04F79EFBC}") = "NAP.Core", "src\NAP.Core\NAP.Core.csproj", "{8D86C658-6797-4984-B445-6844CABE1A4B}"
EndProject
Project("{FAE04EC0-301F-11D3-BF4B-00C04F79EFBC}") = "NAP.Cli", "src\NAP.Cli\NAP.Cli.csproj", "{6BF409E5-5F4D-42A0-B118-2A65CA37F084}"
EndProject
Global
	GlobalSection(SolutionConfigurationPlatforms) = preSolution
		Debug|Any CPU = Debug|Any CPU
		Release|Any CPU = Release|Any CPU
	EndGlobalSection
	GlobalSection(ProjectConfigurationPlatforms) = postSolution
		{8D86C658-6797-4984-B445-6844CABE1A4B}.Debug|Any CPU.ActiveCfg = Debug|Any CPU
		{8D86C658-6797-4984-B445-6844CABE1A4B}.Debug|Any CPU.Build.0 = Debug|Any CPU
		{8D86C658-6797-4984-B445-6844CABE1A4B}.Release|Any CPU.ActiveCfg = Release|Any CPU
		{8D86C658-6797-4984-B445-6844CABE1A4B}.Release|Any CPU.Build.0 = Release|Any CPU
		{6BF409E5-5F4D-42A0-B118-2A65CA37F084}.Debug|Any CPU.ActiveCfg = Debug|Any CPU
		{6BF409E5-5F4D-42A0-B118-2A65CA37F084}.Debug|Any CPU.Build.0 = Debug|Any CPU
		{6BF409E5-5F4D-42A0-B118-2A65CA37F084}.Release|Any CPU.ActiveCfg = Release|Any CPU
		{6BF409E5-5F4D-42A0-B118-2A65CA37F084}.Release|Any CPU.Build.0 = Release|Any CPU
	EndGlobalSection
EndGlobal
